
Microsoft Visual Studio Solution File, Format Version 12.00
# Visual Studio Version 17
Project("{2150E333-8FDC-42A3-9474-1A3956D46DE8}") = "CMakePredefinedTargets", "CMakePredefinedTargets", "{7438D63E-E6F5-3577-9FAF-148040CBDF91}"
EndProject
Project("{2150E333-8FDC-42A3-9474-1A3956D46DE8}") = "External", "External", "{ADF1DEDF-3FC5-3072-8AA6-7715EAD9805D}"
EndProject
Project("{2150E333-8FDC-42A3-9474-1A3956D46DE8}") = "Internal", "Internal", "{7B9E4D68-B1E2-3E57-BA42-B17934BB9701}"
EndProject
Project("{2150E333-8FDC-42A3-9474-1A3956D46DE8}") = "Utils", "Utils", "{D0840D22-E8C7-35D1-A708-ED7ED96CCAFB}"
EndProject
Project("{8BC9CEB8-8B4A-11D0-8D11-00A0C91BC942}") = "ALL_BUILD", "ALL_BUILD.vcxproj", "{B1C807D8-DB63-356E-9724-BF4057B539C4}"
	ProjectSection(ProjectDependencies) = postProject
		{859129EE-EA22-3AC8-A189-E597498433C5} = {859129EE-EA22-3AC8-A189-E597498433C5}
		{0C1D9952-3F84-3945-B9F1-050E8B7994B1} = {0C1D9952-3F84-3945-B9F1-050E8B7994B1}
		{BEC295BD-C1F8-328F-98D9-5FCF18FA72B2} = {BEC295BD-C1F8-328F-98D9-5FCF18FA72B2}
		{156F0266-6644-3BE4-8B93-4EACD22644C8} = {156F0266-6644-3BE4-8B93-4EACD22644C8}
		{C108C502-8929-31A8-BC18-1B79FD84E956} = {C108C502-8929-31A8-BC18-1B79FD84E956}
		{50338F5C-7541-3677-88F7-07498D3C1091} = {50338F5C-7541-3677-88F7-07498D3C1091}
		{8A121DE0-D3BB-3877-9648-C09FAD19D089} = {8A121DE0-D3BB-3877-9648-C09FAD19D089}
		{6046EBDC-F85A-30E4-A2BD-AA4C23C7A4F4} = {6046EBDC-F85A-30E4-A2BD-AA4C23C7A4F4}
		{12696AD6-CF1E-339E-B8FE-D47A97D5E652} = {12696AD6-CF1E-339E-B8FE-D47A97D5E652}
		{3244E882-40E4-344C-A137-6E7116729006} = {3244E882-40E4-344C-A137-6E7116729006}
		{C4185BA3-CE48-369E-BFD3-5FDC30A3375D} = {C4185BA3-CE48-369E-BFD3-5FDC30A3375D}
		{DC41EFC0-1356-3924-AE4A-CF0DAE5D0CF3} = {DC41EFC0-1356-3924-AE4A-CF0DAE5D0CF3}
		{61A9E4FD-256B-3165-931F-550A849164A4} = {61A9E4FD-256B-3165-931F-550A849164A4}
		{D32777F6-40ED-3AEC-81C0-54877D6A5601} = {D32777F6-40ED-3AEC-81C0-54877D6A5601}
		{5D6FFFA9-F774-32B4-AF90-89C3A0BA60E5} = {5D6FFFA9-F774-32B4-AF90-89C3A0BA60E5}
	EndProjectSection
EndProject
Project("{8BC9CEB8-8B4A-11D0-8D11-00A0C91BC942}") = "Lab02", "Lab02.vcxproj", "{859129EE-EA22-3AC8-A189-E597498433C5}"
	ProjectSection(ProjectDependencies) = postProject
		{0C1D9952-3F84-3945-B9F1-050E8B7994B1} = {0C1D9952-3F84-3945-B9F1-050E8B7994B1}
		{BEC295BD-C1F8-328F-98D9-5FCF18FA72B2} = {BEC295BD-C1F8-328F-98D9-5FCF18FA72B2}
		{156F0266-6644-3BE4-8B93-4EACD22644C8} = {156F0266-6644-3BE4-8B93-4EACD22644C8}
		{C108C502-8929-31A8-BC18-1B79FD84E956} = {C108C502-8929-31A8-BC18-1B79FD84E956}
		{50338F5C-7541-3677-88F7-07498D3C1091} = {50338F5C-7541-3677-88F7-07498D3C1091}
		{8A121DE0-D3BB-3877-9648-C09FAD19D089} = {8A121DE0-D3BB-3877-9648-C09FAD19D089}
		{6046EBDC-F85A-30E4-A2BD-AA4C23C7A4F4} = {6046EBDC-F85A-30E4-A2BD-AA4C23C7A4F4}
		{12696AD6-CF1E-339E-B8FE-D47A97D5E652} = {12696AD6-CF1E-339E-B8FE-D47A97D5E652}
		{3244E882-40E4-344C-A137-6E7116729006} = {3244E882-40E4-344C-A137-6E7116729006}
		{C4185BA3-CE48-369E-BFD3-5FDC30A3375D} = {C4185BA3-CE48-369E-BFD3-5FDC30A3375D}
		{DC41EFC0-1356-3924-AE4A-CF0DAE5D0CF3} = {DC41EFC0-1356-3924-AE4A-CF0DAE5D0CF3}
		{61A9E4FD-256B-3165-931F-550A849164A4} = {61A9E4FD-256B-3165-931F-550A849164A4}
		{D32777F6-40ED-3AEC-81C0-54877D6A5601} = {D32777F6-40ED-3AEC-81C0-54877D6A5601}
		{5D6FFFA9-F774-32B4-AF90-89C3A0BA60E5} = {5D6FFFA9-F774-32B4-AF90-89C3A0BA60E5}
	EndProjectSection
EndProject
Project("{8BC9CEB8-8B4A-11D0-8D11-00A0C91BC942}") = "SYNC_RESOURCE-Lab02", "SYNC_RESOURCE-Lab02.vcxproj", "{0C1D9952-3F84-3945-B9F1-050E8B7994B1}"
	ProjectSection(ProjectDependencies) = postProject
		{BEC295BD-C1F8-328F-98D9-5FCF18FA72B2} = {BEC295BD-C1F8-328F-98D9-5FCF18FA72B2}
	EndProjectSection
EndProject
Project("{8BC9CEB8-8B4A-11D0-8D11-00A0C91BC942}") = "ZERO_CHECK", "ZERO_CHECK.vcxproj", "{BEC295BD-C1F8-328F-98D9-5FCF18FA72B2}"
	ProjectSection(ProjectDependencies) = postProject
	EndProjectSection
EndProject
Project("{8BC9CEB8-8B4A-11D0-8D11-00A0C91BC942}") = "cocos2d", "engine\cocos\core\cocos2d.vcxproj", "{156F0266-6644-3BE4-8B93-4EACD22644C8}"
	ProjectSection(ProjectDependencies) = postProject
		{BEC295BD-C1F8-328F-98D9-5FCF18FA72B2} = {BEC295BD-C1F8-328F-98D9-5FCF18FA72B2}
		{C108C502-8929-31A8-BC18-1B79FD84E956} = {C108C502-8929-31A8-BC18-1B79FD84E956}
		{50338F5C-7541-3677-88F7-07498D3C1091} = {50338F5C-7541-3677-88F7-07498D3C1091}
		{8A121DE0-D3BB-3877-9648-C09FAD19D089} = {8A121DE0-D3BB-3877-9648-C09FAD19D089}
		{6046EBDC-F85A-30E4-A2BD-AA4C23C7A4F4} = {6046EBDC-F85A-30E4-A2BD-AA4C23C7A4F4}
		{12696AD6-CF1E-339E-B8FE-D47A97D5E652} = {12696AD6-CF1E-339E-B8FE-D47A97D5E652}
		{3244E882-40E4-344C-A137-6E7116729006} = {3244E882-40E4-344C-A137-6E7116729006}
		{C4185BA3-CE48-369E-BFD3-5FDC30A3375D} = {C4185BA3-CE48-369E-BFD3-5FDC30A3375D}
		{DC41EFC0-1356-3924-AE4A-CF0DAE5D0CF3} = {DC41EFC0-1356-3924-AE4A-CF0DAE5D0CF3}
		{61A9E4FD-256B-3165-931F-550A849164A4} = {61A9E4FD-256B-3165-931F-550A849164A4}
		{D32777F6-40ED-3AEC-81C0-54877D6A5601} = {D32777F6-40ED-3AEC-81C0-54877D6A5601}
		{5D6FFFA9-F774-32B4-AF90-89C3A0BA60E5} = {5D6FFFA9-F774-32B4-AF90-89C3A0BA60E5}
	EndProjectSection
EndProject
Project("{8BC9CEB8-8B4A-11D0-8D11-00A0C91BC942}") = "ext_clipper", "engine\external\clipper\ext_clipper.vcxproj", "{C108C502-8929-31A8-BC18-1B79FD84E956}"
	ProjectSection(ProjectDependencies) = postProject
		{BEC295BD-C1F8-328F-98D9-5FCF18FA72B2} = {BEC295BD-C1F8-328F-98D9-5FCF18FA72B2}
	EndProjectSection
EndProject
Project("{8BC9CEB8-8B4A-11D0-8D11-00A0C91BC942}") = "ext_convertUTF", "engine\external\ConvertUTF\ext_convertUTF.vcxproj", "{50338F5C-7541-3677-88F7-07498D3C1091}"
	ProjectSection(ProjectDependencies) = postProject
		{BEC295BD-C1F8-328F-98D9-5FCF18FA72B2} = {BEC295BD-C1F8-328F-98D9-5FCF18FA72B2}
	EndProjectSection
EndProject
Project("{8BC9CEB8-8B4A-11D0-8D11-00A0C91BC942}") = "ext_edtaa3func", "engine\external\edtaa3func\ext_edtaa3func.vcxproj", "{8A121DE0-D3BB-3877-9648-C09FAD19D089}"
	ProjectSection(ProjectDependencies) = postProject
		{BEC295BD-C1F8-328F-98D9-5FCF18FA72B2} = {BEC295BD-C1F8-328F-98D9-5FCF18FA72B2}
	EndProjectSection
EndProject
Project("{8BC9CEB8-8B4A-11D0-8D11-00A0C91BC942}") = "ext_md5", "engine\external\md5\ext_md5.vcxproj", "{6046EBDC-F85A-30E4-A2BD-AA4C23C7A4F4}"
	ProjectSection(ProjectDependencies) = postProject
		{BEC295BD-C1F8-328F-98D9-5FCF18FA72B2} = {BEC295BD-C1F8-328F-98D9-5FCF18FA72B2}
	EndProjectSection
EndProject
Project("{8BC9CEB8-8B4A-11D0-8D11-00A0C91BC942}") = "ext_poly2tri", "engine\external\poly2tri\ext_poly2tri.vcxproj", "{12696AD6-CF1E-339E-B8FE-D47A97D5E652}"
	ProjectSection(ProjectDependencies) = postProject
		{BEC295BD-C1F8-328F-98D9-5FCF18FA72B2} = {BEC295BD-C1F8-328F-98D9-5FCF18FA72B2}
	EndProjectSection
EndProject
Project("{8BC9CEB8-8B4A-11D0-8D11-00A0C91BC942}") = "ext_recast", "engine\external\recast\ext_recast.vcxproj", "{3244E882-40E4-344C-A137-6E7116729006}"
	ProjectSection(ProjectDependencies) = postProject
		{BEC295BD-C1F8-328F-98D9-5FCF18FA72B2} = {BEC295BD-C1F8-328F-98D9-5FCF18FA72B2}
	EndProjectSection
EndProject
Project("{8BC9CEB8-8B4A-11D0-8D11-00A0C91BC942}") = "ext_tinyxml2", "engine\external\tinyxml2\ext_tinyxml2.vcxproj", "{C4185BA3-CE48-369E-BFD3-5FDC30A3375D}"
	ProjectSection(ProjectDependencies) = postProject
		{BEC295BD-C1F8-328F-98D9-5FCF18FA72B2} = {BEC295BD-C1F8-328F-98D9-5FCF18FA72B2}
	EndProjectSection
EndProject
Project("{8BC9CEB8-8B4A-11D0-8D11-00A0C91BC942}") = "ext_unzip", "engine\external\unzip\ext_unzip.vcxproj", "{DC41EFC0-1356-3924-AE4A-CF0DAE5D0CF3}"
	ProjectSection(ProjectDependencies) = postProject
		{BEC295BD-C1F8-328F-98D9-5FCF18FA72B2} = {BEC295BD-C1F8-328F-98D9-5FCF18FA72B2}
	EndProjectSection
EndProject
Project("{8BC9CEB8-8B4A-11D0-8D11-00A0C91BC942}") = "ext_xxhash", "engine\external\xxhash\ext_xxhash.vcxproj", "{61A9E4FD-256B-3165-931F-550A849164A4}"
	ProjectSection(ProjectDependencies) = postProject
		{BEC295BD-C1F8-328F-98D9-5FCF18FA72B2} = {BEC295BD-C1F8-328F-98D9-5FCF18FA72B2}
	EndProjectSection
EndProject
Project("{8BC9CEB8-8B4A-11D0-8D11-00A0C91BC942}") = "ext_xxtea", "engine\external\xxtea\ext_xxtea.vcxproj", "{D32777F6-40ED-3AEC-81C0-54877D6A5601}"
	ProjectSection(ProjectDependencies) = postProject
		{BEC295BD-C1F8-328F-98D9-5FCF18FA72B2} = {BEC295BD-C1F8-328F-98D9-5FCF18FA72B2}
	EndProjectSection
EndProject
Project("{8BC9CEB8-8B4A-11D0-8D11-00A0C91BC942}") = "external", "engine\external\external.vcxproj", "{5D6FFFA9-F774-32B4-AF90-89C3A0BA60E5}"
	ProjectSection(ProjectDependencies) = postProject
		{BEC295BD-C1F8-328F-98D9-5FCF18FA72B2} = {BEC295BD-C1F8-328F-98D9-5FCF18FA72B2}
		{C108C502-8929-31A8-BC18-1B79FD84E956} = {C108C502-8929-31A8-BC18-1B79FD84E956}
		{50338F5C-7541-3677-88F7-07498D3C1091} = {50338F5C-7541-3677-88F7-07498D3C1091}
		{8A121DE0-D3BB-3877-9648-C09FAD19D089} = {8A121DE0-D3BB-3877-9648-C09FAD19D089}
		{6046EBDC-F85A-30E4-A2BD-AA4C23C7A4F4} = {6046EBDC-F85A-30E4-A2BD-AA4C23C7A4F4}
		{12696AD6-CF1E-339E-B8FE-D47A97D5E652} = {12696AD6-CF1E-339E-B8FE-D47A97D5E652}
		{3244E882-40E4-344C-A137-6E7116729006} = {3244E882-40E4-344C-A137-6E7116729006}
		{C4185BA3-CE48-369E-BFD3-5FDC30A3375D} = {C4185BA3-CE48-369E-BFD3-5FDC30A3375D}
		{DC41EFC0-1356-3924-AE4A-CF0DAE5D0CF3} = {DC41EFC0-1356-3924-AE4A-CF0DAE5D0CF3}
		{61A9E4FD-256B-3165-931F-550A849164A4} = {61A9E4FD-256B-3165-931F-550A849164A4}
		{D32777F6-40ED-3AEC-81C0-54877D6A5601} = {D32777F6-40ED-3AEC-81C0-54877D6A5601}
	EndProjectSection
EndProject
Global
	GlobalSection(SolutionConfigurationPlatforms) = preSolution
		Debug|win32 = Debug|win32
		Release|win32 = Release|win32
		MinSizeRel|win32 = MinSizeRel|win32
		RelWithDebInfo|win32 = RelWithDebInfo|win32
	EndGlobalSection
	GlobalSection(ProjectConfigurationPlatforms) = postSolution
		{B1C807D8-DB63-356E-9724-BF4057B539C4}.Debug|win32.ActiveCfg = Debug|win32
		{B1C807D8-DB63-356E-9724-BF4057B539C4}.Release|win32.ActiveCfg = Release|win32
		{B1C807D8-DB63-356E-9724-BF4057B539C4}.MinSizeRel|win32.ActiveCfg = MinSizeRel|win32
		{B1C807D8-DB63-356E-9724-BF4057B539C4}.RelWithDebInfo|win32.ActiveCfg = RelWithDebInfo|win32
		{859129EE-EA22-3AC8-A189-E597498433C5}.Debug|win32.ActiveCfg = Debug|win32
		{859129EE-EA22-3AC8-A189-E597498433C5}.Debug|win32.Build.0 = Debug|win32
		{859129EE-EA22-3AC8-A189-E597498433C5}.Release|win32.ActiveCfg = Release|win32
		{859129EE-EA22-3AC8-A189-E597498433C5}.Release|win32.Build.0 = Release|win32
		{859129EE-EA22-3AC8-A189-E597498433C5}.MinSizeRel|win32.ActiveCfg = MinSizeRel|win32
		{859129EE-EA22-3AC8-A189-E597498433C5}.MinSizeRel|win32.Build.0 = MinSizeRel|win32
		{859129EE-EA22-3AC8-A189-E597498433C5}.RelWithDebInfo|win32.ActiveCfg = RelWithDebInfo|win32
		{859129EE-EA22-3AC8-A189-E597498433C5}.RelWithDebInfo|win32.Build.0 = RelWithDebInfo|win32
		{0C1D9952-3F84-3945-B9F1-050E8B7994B1}.Debug|win32.ActiveCfg = Debug|win32
		{0C1D9952-3F84-3945-B9F1-050E8B7994B1}.Debug|win32.Build.0 = Debug|win32
		{0C1D9952-3F84-3945-B9F1-050E8B7994B1}.Release|win32.ActiveCfg = Release|win32
		{0C1D9952-3F84-3945-B9F1-050E8B7994B1}.Release|win32.Build.0 = Release|win32
		{0C1D9952-3F84-3945-B9F1-050E8B7994B1}.MinSizeRel|win32.ActiveCfg = MinSizeRel|win32
		{0C1D9952-3F84-3945-B9F1-050E8B7994B1}.MinSizeRel|win32.Build.0 = MinSizeRel|win32
		{0C1D9952-3F84-3945-B9F1-050E8B7994B1}.RelWithDebInfo|win32.ActiveCfg = RelWithDebInfo|win32
		{0C1D9952-3F84-3945-B9F1-050E8B7994B1}.RelWithDebInfo|win32.Build.0 = RelWithDebInfo|win32
		{BEC295BD-C1F8-328F-98D9-5FCF18FA72B2}.Debug|win32.ActiveCfg = Debug|win32
		{BEC295BD-C1F8-328F-98D9-5FCF18FA72B2}.Debug|win32.Build.0 = Debug|win32
		{BEC295BD-C1F8-328F-98D9-5FCF18FA72B2}.Release|win32.ActiveCfg = Release|win32
		{BEC295BD-C1F8-328F-98D9-5FCF18FA72B2}.Release|win32.Build.0 = Release|win32
		{BEC295BD-C1F8-328F-98D9-5FCF18FA72B2}.MinSizeRel|win32.ActiveCfg = MinSizeRel|win32
		{BEC295BD-C1F8-328F-98D9-5FCF18FA72B2}.MinSizeRel|win32.Build.0 = MinSizeRel|win32
		{BEC295BD-C1F8-328F-98D9-5FCF18FA72B2}.RelWithDebInfo|win32.ActiveCfg = RelWithDebInfo|win32
		{BEC295BD-C1F8-328F-98D9-5FCF18FA72B2}.RelWithDebInfo|win32.Build.0 = RelWithDebInfo|win32
		{156F0266-6644-3BE4-8B93-4EACD22644C8}.Debug|win32.ActiveCfg = Debug|win32
		{156F0266-6644-3BE4-8B93-4EACD22644C8}.Debug|win32.Build.0 = Debug|win32
		{156F0266-6644-3BE4-8B93-4EACD22644C8}.Release|win32.ActiveCfg = Release|win32
		{156F0266-6644-3BE4-8B93-4EACD22644C8}.Release|win32.Build.0 = Release|win32
		{156F0266-6644-3BE4-8B93-4EACD22644C8}.MinSizeRel|win32.ActiveCfg = MinSizeRel|win32
		{156F0266-6644-3BE4-8B93-4EACD22644C8}.MinSizeRel|win32.Build.0 = MinSizeRel|win32
		{156F0266-6644-3BE4-8B93-4EACD22644C8}.RelWithDebInfo|win32.ActiveCfg = RelWithDebInfo|win32
		{156F0266-6644-3BE4-8B93-4EACD22644C8}.RelWithDebInfo|win32.Build.0 = RelWithDebInfo|win32
		{C108C502-8929-31A8-BC18-1B79FD84E956}.Debug|win32.ActiveCfg = Debug|win32
		{C108C502-8929-31A8-BC18-1B79FD84E956}.Debug|win32.Build.0 = Debug|win32
		{C108C502-8929-31A8-BC18-1B79FD84E956}.Release|win32.ActiveCfg = Release|win32
		{C108C502-8929-31A8-BC18-1B79FD84E956}.Release|win32.Build.0 = Release|win32
		{C108C502-8929-31A8-BC18-1B79FD84E956}.MinSizeRel|win32.ActiveCfg = MinSizeRel|win32
		{C108C502-8929-31A8-BC18-1B79FD84E956}.MinSizeRel|win32.Build.0 = MinSizeRel|win32
		{C108C502-8929-31A8-BC18-1B79FD84E956}.RelWithDebInfo|win32.ActiveCfg = RelWithDebInfo|win32
		{C108C502-8929-31A8-BC18-1B79FD84E956}.RelWithDebInfo|win32.Build.0 = RelWithDebInfo|win32
		{50338F5C-7541-3677-88F7-07498D3C1091}.Debug|win32.ActiveCfg = Debug|win32
		{50338F5C-7541-3677-88F7-07498D3C1091}.Debug|win32.Build.0 = Debug|win32
		{50338F5C-7541-3677-88F7-07498D3C1091}.Release|win32.ActiveCfg = Release|win32
		{50338F5C-7541-3677-88F7-07498D3C1091}.Release|win32.Build.0 = Release|win32
		{50338F5C-7541-3677-88F7-07498D3C1091}.MinSizeRel|win32.ActiveCfg = MinSizeRel|win32
		{50338F5C-7541-3677-88F7-07498D3C1091}.MinSizeRel|win32.Build.0 = MinSizeRel|win32
		{50338F5C-7541-3677-88F7-07498D3C1091}.RelWithDebInfo|win32.ActiveCfg = RelWithDebInfo|win32
		{50338F5C-7541-3677-88F7-07498D3C1091}.RelWithDebInfo|win32.Build.0 = RelWithDebInfo|win32
		{8A121DE0-D3BB-3877-9648-C09FAD19D089}.Debug|win32.ActiveCfg = Debug|win32
		{8A121DE0-D3BB-3877-9648-C09FAD19D089}.Debug|win32.Build.0 = Debug|win32
		{8A121DE0-D3BB-3877-9648-C09FAD19D089}.Release|win32.ActiveCfg = Release|win32
		{8A121DE0-D3BB-3877-9648-C09FAD19D089}.Release|win32.Build.0 = Release|win32
		{8A121DE0-D3BB-3877-9648-C09FAD19D089}.MinSizeRel|win32.ActiveCfg = MinSizeRel|win32
		{8A121DE0-D3BB-3877-9648-C09FAD19D089}.MinSizeRel|win32.Build.0 = MinSizeRel|win32
		{8A121DE0-D3BB-3877-9648-C09FAD19D089}.RelWithDebInfo|win32.ActiveCfg = RelWithDebInfo|win32
		{8A121DE0-D3BB-3877-9648-C09FAD19D089}.RelWithDebInfo|win32.Build.0 = RelWithDebInfo|win32
		{6046EBDC-F85A-30E4-A2BD-AA4C23C7A4F4}.Debug|win32.ActiveCfg = Debug|win32
		{6046EBDC-F85A-30E4-A2BD-AA4C23C7A4F4}.Debug|win32.Build.0 = Debug|win32
		{6046EBDC-F85A-30E4-A2BD-AA4C23C7A4F4}.Release|win32.ActiveCfg = Release|win32
		{6046EBDC-F85A-30E4-A2BD-AA4C23C7A4F4}.Release|win32.Build.0 = Release|win32
		{6046EBDC-F85A-30E4-A2BD-AA4C23C7A4F4}.MinSizeRel|win32.ActiveCfg = MinSizeRel|win32
		{6046EBDC-F85A-30E4-A2BD-AA4C23C7A4F4}.MinSizeRel|win32.Build.0 = MinSizeRel|win32
		{6046EBDC-F85A-30E4-A2BD-AA4C23C7A4F4}.RelWithDebInfo|win32.ActiveCfg = RelWithDebInfo|win32
		{6046EBDC-F85A-30E4-A2BD-AA4C23C7A4F4}.RelWithDebInfo|win32.Build.0 = RelWithDebInfo|win32
		{12696AD6-CF1E-339E-B8FE-D47A97D5E652}.Debug|win32.ActiveCfg = Debug|win32
		{12696AD6-CF1E-339E-B8FE-D47A97D5E652}.Debug|win32.Build.0 = Debug|win32
		{12696AD6-CF1E-339E-B8FE-D47A97D5E652}.Release|win32.ActiveCfg = Release|win32
		{12696AD6-CF1E-339E-B8FE-D47A97D5E652}.Release|win32.Build.0 = Release|win32
		{12696AD6-CF1E-339E-B8FE-D47A97D5E652}.MinSizeRel|win32.ActiveCfg = MinSizeRel|win32
		{12696AD6-CF1E-339E-B8FE-D47A97D5E652}.MinSizeRel|win32.Build.0 = MinSizeRel|win32
		{12696AD6-CF1E-339E-B8FE-D47A97D5E652}.RelWithDebInfo|win32.ActiveCfg = RelWithDebInfo|win32
		{12696AD6-CF1E-339E-B8FE-D47A97D5E652}.RelWithDebInfo|win32.Build.0 = RelWithDebInfo|win32
		{3244E882-40E4-344C-A137-6E7116729006}.Debug|win32.ActiveCfg = Debug|win32
		{3244E882-40E4-344C-A137-6E7116729006}.Debug|win32.Build.0 = Debug|win32
		{3244E882-40E4-344C-A137-6E7116729006}.Release|win32.ActiveCfg = Release|win32
		{3244E882-40E4-344C-A137-6E7116729006}.Release|win32.Build.0 = Release|win32
		{3244E882-40E4-344C-A137-6E7116729006}.MinSizeRel|win32.ActiveCfg = MinSizeRel|win32
		{3244E882-40E4-344C-A137-6E7116729006}.MinSizeRel|win32.Build.0 = MinSizeRel|win32
		{3244E882-40E4-344C-A137-6E7116729006}.RelWithDebInfo|win32.ActiveCfg = RelWithDebInfo|win32
		{3244E882-40E4-344C-A137-6E7116729006}.RelWithDebInfo|win32.Build.0 = RelWithDebInfo|win32
		{C4185BA3-CE48-369E-BFD3-5FDC30A3375D}.Debug|win32.ActiveCfg = Debug|win32
		{C4185BA3-CE48-369E-BFD3-5FDC30A3375D}.Debug|win32.Build.0 = Debug|win32
		{C4185BA3-CE48-369E-BFD3-5FDC30A3375D}.Release|win32.ActiveCfg = Release|win32
		{C4185BA3-CE48-369E-BFD3-5FDC30A3375D}.Release|win32.Build.0 = Release|win32
		{C4185BA3-CE48-369E-BFD3-5FDC30A3375D}.MinSizeRel|win32.ActiveCfg = MinSizeRel|win32
		{C4185BA3-CE48-369E-BFD3-5FDC30A3375D}.MinSizeRel|win32.Build.0 = MinSizeRel|win32
		{C4185BA3-CE48-369E-BFD3-5FDC30A3375D}.RelWithDebInfo|win32.ActiveCfg = RelWithDebInfo|win32
		{C4185BA3-CE48-369E-BFD3-5FDC30A3375D}.RelWithDebInfo|win32.Build.0 = RelWithDebInfo|win32
		{DC41EFC0-1356-3924-AE4A-CF0DAE5D0CF3}.Debug|win32.ActiveCfg = Debug|win32
		{DC41EFC0-1356-3924-AE4A-CF0DAE5D0CF3}.Debug|win32.Build.0 = Debug|win32
		{DC41EFC0-1356-3924-AE4A-CF0DAE5D0CF3}.Release|win32.ActiveCfg = Release|win32
		{DC41EFC0-1356-3924-AE4A-CF0DAE5D0CF3}.Release|win32.Build.0 = Release|win32
		{DC41EFC0-1356-3924-AE4A-CF0DAE5D0CF3}.MinSizeRel|win32.ActiveCfg = MinSizeRel|win32
		{DC41EFC0-1356-3924-AE4A-CF0DAE5D0CF3}.MinSizeRel|win32.Build.0 = MinSizeRel|win32
		{DC41EFC0-1356-3924-AE4A-CF0DAE5D0CF3}.RelWithDebInfo|win32.ActiveCfg = RelWithDebInfo|win32
		{DC41EFC0-1356-3924-AE4A-CF0DAE5D0CF3}.RelWithDebInfo|win32.Build.0 = RelWithDebInfo|win32
		{61A9E4FD-256B-3165-931F-550A849164A4}.Debug|win32.ActiveCfg = Debug|win32
		{61A9E4FD-256B-3165-931F-550A849164A4}.Debug|win32.Build.0 = Debug|win32
		{61A9E4FD-256B-3165-931F-550A849164A4}.Release|win32.ActiveCfg = Release|win32
		{61A9E4FD-256B-3165-931F-550A849164A4}.Release|win32.Build.0 = Release|win32
		{61A9E4FD-256B-3165-931F-550A849164A4}.MinSizeRel|win32.ActiveCfg = MinSizeRel|win32
		{61A9E4FD-256B-3165-931F-550A849164A4}.MinSizeRel|win32.Build.0 = MinSizeRel|win32
		{61A9E4FD-256B-3165-931F-550A849164A4}.RelWithDebInfo|win32.ActiveCfg = RelWithDebInfo|win32
		{61A9E4FD-256B-3165-931F-550A849164A4}.RelWithDebInfo|win32.Build.0 = RelWithDebInfo|win32
		{D32777F6-40ED-3AEC-81C0-54877D6A5601}.Debug|win32.ActiveCfg = Debug|win32
		{D32777F6-40ED-3AEC-81C0-54877D6A5601}.Debug|win32.Build.0 = Debug|win32
		{D32777F6-40ED-3AEC-81C0-54877D6A5601}.Release|win32.ActiveCfg = Release|win32
		{D32777F6-40ED-3AEC-81C0-54877D6A5601}.Release|win32.Build.0 = Release|win32
		{D32777F6-40ED-3AEC-81C0-54877D6A5601}.MinSizeRel|win32.ActiveCfg = MinSizeRel|win32
		{D32777F6-40ED-3AEC-81C0-54877D6A5601}.MinSizeRel|win32.Build.0 = MinSizeRel|win32
		{D32777F6-40ED-3AEC-81C0-54877D6A5601}.RelWithDebInfo|win32.ActiveCfg = RelWithDebInfo|win32
		{D32777F6-40ED-3AEC-81C0-54877D6A5601}.RelWithDebInfo|win32.Build.0 = RelWithDebInfo|win32
		{5D6FFFA9-F774-32B4-AF90-89C3A0BA60E5}.Debug|win32.ActiveCfg = Debug|win32
		{5D6FFFA9-F774-32B4-AF90-89C3A0BA60E5}.Debug|win32.Build.0 = Debug|win32
		{5D6FFFA9-F774-32B4-AF90-89C3A0BA60E5}.Release|win32.ActiveCfg = Release|win32
		{5D6FFFA9-F774-32B4-AF90-89C3A0BA60E5}.Release|win32.Build.0 = Release|win32
		{5D6FFFA9-F774-32B4-AF90-89C3A0BA60E5}.MinSizeRel|win32.ActiveCfg = MinSizeRel|win32
		{5D6FFFA9-F774-32B4-AF90-89C3A0BA60E5}.MinSizeRel|win32.Build.0 = MinSizeRel|win32
		{5D6FFFA9-F774-32B4-AF90-89C3A0BA60E5}.RelWithDebInfo|win32.ActiveCfg = RelWithDebInfo|win32
		{5D6FFFA9-F774-32B4-AF90-89C3A0BA60E5}.RelWithDebInfo|win32.Build.0 = RelWithDebInfo|win32
	EndGlobalSection
	GlobalSection(NestedProjects) = preSolution
		{B1C807D8-DB63-356E-9724-BF4057B539C4} = {7438D63E-E6F5-3577-9FAF-148040CBDF91}
		{BEC295BD-C1F8-328F-98D9-5FCF18FA72B2} = {7438D63E-E6F5-3577-9FAF-148040CBDF91}
		{C108C502-8929-31A8-BC18-1B79FD84E956} = {ADF1DEDF-3FC5-3072-8AA6-7715EAD9805D}
		{50338F5C-7541-3677-88F7-07498D3C1091} = {ADF1DEDF-3FC5-3072-8AA6-7715EAD9805D}
		{8A121DE0-D3BB-3877-9648-C09FAD19D089} = {ADF1DEDF-3FC5-3072-8AA6-7715EAD9805D}
		{6046EBDC-F85A-30E4-A2BD-AA4C23C7A4F4} = {ADF1DEDF-3FC5-3072-8AA6-7715EAD9805D}
		{12696AD6-CF1E-339E-B8FE-D47A97D5E652} = {ADF1DEDF-3FC5-3072-8AA6-7715EAD9805D}
		{3244E882-40E4-344C-A137-6E7116729006} = {ADF1DEDF-3FC5-3072-8AA6-7715EAD9805D}
		{C4185BA3-CE48-369E-BFD3-5FDC30A3375D} = {ADF1DEDF-3FC5-3072-8AA6-7715EAD9805D}
		{DC41EFC0-1356-3924-AE4A-CF0DAE5D0CF3} = {ADF1DEDF-3FC5-3072-8AA6-7715EAD9805D}
		{61A9E4FD-256B-3165-931F-550A849164A4} = {ADF1DEDF-3FC5-3072-8AA6-7715EAD9805D}
		{D32777F6-40ED-3AEC-81C0-54877D6A5601} = {ADF1DEDF-3FC5-3072-8AA6-7715EAD9805D}
		{5D6FFFA9-F774-32B4-AF90-89C3A0BA60E5} = {ADF1DEDF-3FC5-3072-8AA6-7715EAD9805D}
		{156F0266-6644-3BE4-8B93-4EACD22644C8} = {7B9E4D68-B1E2-3E57-BA42-B17934BB9701}
		{0C1D9952-3F84-3945-B9F1-050E8B7994B1} = {D0840D22-E8C7-35D1-A708-ED7ED96CCAFB}
	EndGlobalSection
	GlobalSection(ExtensibilityGlobals) = postSolution
		SolutionGuid = {370114E6-1677-3EE8-912E-E813F1CF259A}
	EndGlobalSection
	GlobalSection(ExtensibilityAddIns) = postSolution
	EndGlobalSection
EndGlobal
