<?xml version="1.0" encoding="utf-8"?>
<Project ToolsVersion="17.0" xmlns="http://schemas.microsoft.com/developer/msbuild/2003">
  <ItemGroup>
    <CustomBuild Include="D:\Courses\Cpp\Projects\Lab02\proj.win32\CMakeFiles\d18c4a7cd5c2351623aba25ad3c7b44f\generate.stamp.rule">
      <Filter>CMake Rules</Filter>
    </CustomBuild>
  </ItemGroup>
  <ItemGroup>
    <Filter Include="CMake Rules">
      <UniqueIdentifier>{83740891-1B82-3312-8CB2-D595540398FE}</UniqueIdentifier>
    </Filter>
  </ItemGroup>
</Project>
